
Microsoft Visual Studio Solution File, Format Version 12.00
# Visual Studio 15
VisualStudioVersion = 15.0.26124.0
MinimumVisualStudioVersion = 15.0.26124.0
Project("{2150E333-8FDC-42A3-9474-1A3956D46DE8}") = "src", "src", "{D1812F7B-60E5-4E73-9456-341BB00132F0}"
EndProject
Project("{FAE04EC0-301F-11D3-BF4B-00C04F79EFBC}") = "ef-core-example", "src\Api\ef-core-example.csproj", "{106A21B6-0226-4FC9-9DDF-CBB44E8EDF76}"
EndProject
Project("{FAE04EC0-301F-11D3-BF4B-00C04F79EFBC}") = "Worker", "src\Worker\Worker.csproj", "{4EF917DD-F3E8-4E13-A183-0E93301F95C9}"
EndProject
Global
	GlobalSection(SolutionConfigurationPlatforms) = preSolution
		Debug|Any CPU = Debug|Any CPU
		Debug|x64 = Debug|x64
		Debug|x86 = Debug|x86
		Release|Any CPU = Release|Any CPU
		Release|x64 = Release|x64
		Release|x86 = Release|x86
	EndGlobalSection
	GlobalSection(SolutionProperties) = preSolution
		HideSolutionNode = FALSE
	EndGlobalSection
	GlobalSection(ProjectConfigurationPlatforms) = postSolution
		{106A21B6-0226-4FC9-9DDF-CBB44E8EDF76}.Debug|Any CPU.ActiveCfg = Debug|Any CPU
		{106A21B6-0226-4FC9-9DDF-CBB44E8EDF76}.Debug|Any CPU.Build.0 = Debug|Any CPU
		{106A21B6-0226-4FC9-9DDF-CBB44E8EDF76}.Debug|x64.ActiveCfg = Debug|Any CPU
		{106A21B6-0226-4FC9-9DDF-CBB44E8EDF76}.Debug|x64.Build.0 = Debug|Any CPU
		{106A21B6-0226-4FC9-9DDF-CBB44E8EDF76}.Debug|x86.ActiveCfg = Debug|Any CPU
		{106A21B6-0226-4FC9-9DDF-CBB44E8EDF76}.Debug|x86.Build.0 = Debug|Any CPU
		{106A21B6-0226-4FC9-9DDF-CBB44E8EDF76}.Release|Any CPU.ActiveCfg = Release|Any CPU
		{106A21B6-0226-4FC9-9DDF-CBB44E8EDF76}.Release|Any CPU.Build.0 = Release|Any CPU
		{106A21B6-0226-4FC9-9DDF-CBB44E8EDF76}.Release|x64.ActiveCfg = Release|Any CPU
		{106A21B6-0226-4FC9-9DDF-CBB44E8EDF76}.Release|x64.Build.0 = Release|Any CPU
		{106A21B6-0226-4FC9-9DDF-CBB44E8EDF76}.Release|x86.ActiveCfg = Release|Any CPU
		{106A21B6-0226-4FC9-9DDF-CBB44E8EDF76}.Release|x86.Build.0 = Release|Any CPU
		{4EF917DD-F3E8-4E13-A183-0E93301F95C9}.Debug|Any CPU.ActiveCfg = Debug|Any CPU
		{4EF917DD-F3E8-4E13-A183-0E93301F95C9}.Debug|Any CPU.Build.0 = Debug|Any CPU
		{4EF917DD-F3E8-4E13-A183-0E93301F95C9}.Debug|x64.ActiveCfg = Debug|Any CPU
		{4EF917DD-F3E8-4E13-A183-0E93301F95C9}.Debug|x64.Build.0 = Debug|Any CPU
		{4EF917DD-F3E8-4E13-A183-0E93301F95C9}.Debug|x86.ActiveCfg = Debug|Any CPU
		{4EF917DD-F3E8-4E13-A183-0E93301F95C9}.Debug|x86.Build.0 = Debug|Any CPU
		{4EF917DD-F3E8-4E13-A183-0E93301F95C9}.Release|Any CPU.ActiveCfg = Release|Any CPU
		{4EF917DD-F3E8-4E13-A183-0E93301F95C9}.Release|Any CPU.Build.0 = Release|Any CPU
		{4EF917DD-F3E8-4E13-A183-0E93301F95C9}.Release|x64.ActiveCfg = Release|Any CPU
		{4EF917DD-F3E8-4E13-A183-0E93301F95C9}.Release|x64.Build.0 = Release|Any CPU
		{4EF917DD-F3E8-4E13-A183-0E93301F95C9}.Release|x86.ActiveCfg = Release|Any CPU
		{4EF917DD-F3E8-4E13-A183-0E93301F95C9}.Release|x86.Build.0 = Release|Any CPU
	EndGlobalSection
	GlobalSection(NestedProjects) = preSolution
		{106A21B6-0226-4FC9-9DDF-CBB44E8EDF76} = {D1812F7B-60E5-4E73-9456-341BB00132F0}
		{4EF917DD-F3E8-4E13-A183-0E93301F95C9} = {D1812F7B-60E5-4E73-9456-341BB00132F0}
	EndGlobalSection
EndGlobal
